
Microsoft Visual Studio Solution File, Format Version 12.00
Project("{FAE04EC0-301F-11D3-BF4B-00C04F79EFBC}") = "S.Integration-Technologies", "S.Integration-Technologies.csproj", "{17A2C241-38FD-419A-9EA6-E5F86637398A}"
EndProject
Global
	GlobalSection(SolutionConfigurationPlatforms) = preSolution
		Debug|Any CPU = Debug|Any CPU
		Release|Any CPU = Release|Any CPU
	EndGlobalSection
	GlobalSection(ProjectConfigurationPlatforms) = postSolution
		{17A2C241-38FD-419A-9EA6-E5F86637398A}.Debug|Any CPU.ActiveCfg = Debug|Any CPU
		{17A2C241-38FD-419A-9EA6-E5F86637398A}.Debug|Any CPU.Build.0 = Debug|Any CPU
		{17A2C241-38FD-419A-9EA6-E5F86637398A}.Release|Any CPU.ActiveCfg = Release|Any CPU
		{17A2C241-38FD-419A-9EA6-E5F86637398A}.Release|Any CPU.Build.0 = Release|Any CPU
	EndGlobalSection
EndGlobal
